
Microsoft Visual Studio Solution File, Format Version 12.00
# Visual Studio Version 16
VisualStudioVersion = 16.0.31702.278
MinimumVisualStudioVersion = 10.0.40219.1
Project("{FAE04EC0-301F-11D3-BF4B-00C04F79EFBC}") = "App3.Android", "App3\App3.Android\App3.Android.csproj", "{20F408A8-4A35-486A-BFE9-00A1FD724B36}"
EndProject
Project("{FAE04EC0-301F-11D3-BF4B-00C04F79EFBC}") = "App3.iOS", "App3\App3.iOS\App3.iOS.csproj", "{90A65CD1-7FB1-4C4F-A1F5-5A870DDB8EEE}"
EndProject
Project("{FAE04EC0-301F-11D3-BF4B-00C04F79EFBC}") = "App3", "App3\App3\App3.csproj", "{D54E14E9-A788-48EB-9756-5FD6132034DB}"
EndProject
Global
	GlobalSection(SolutionConfigurationPlatforms) = preSolution
		Debug|Any CPU = Debug|Any CPU
		Debug|iPhone = Debug|iPhone
		Debug|iPhoneSimulator = Debug|iPhoneSimulator
		Release|Any CPU = Release|Any CPU
		Release|iPhone = Release|iPhone
		Release|iPhoneSimulator = Release|iPhoneSimulator
	EndGlobalSection
	GlobalSection(ProjectConfigurationPlatforms) = postSolution
		{20F408A8-4A35-486A-BFE9-00A1FD724B36}.Debug|Any CPU.ActiveCfg = Debug|Any CPU
		{20F408A8-4A35-486A-BFE9-00A1FD724B36}.Debug|Any CPU.Build.0 = Debug|Any CPU
		{20F408A8-4A35-486A-BFE9-00A1FD724B36}.Debug|Any CPU.Deploy.0 = Debug|Any CPU
		{20F408A8-4A35-486A-BFE9-00A1FD724B36}.Debug|iPhone.ActiveCfg = Debug|Any CPU
		{20F408A8-4A35-486A-BFE9-00A1FD724B36}.Debug|iPhone.Build.0 = Debug|Any CPU
		{20F408A8-4A35-486A-BFE9-00A1FD724B36}.Debug|iPhone.Deploy.0 = Debug|Any CPU
		{20F408A8-4A35-486A-BFE9-00A1FD724B36}.Debug|iPhoneSimulator.ActiveCfg = Debug|Any CPU
		{20F408A8-4A35-486A-BFE9-00A1FD724B36}.Debug|iPhoneSimulator.Build.0 = Debug|Any CPU
		{20F408A8-4A35-486A-BFE9-00A1FD724B36}.Debug|iPhoneSimulator.Deploy.0 = Debug|Any CPU
		{20F408A8-4A35-486A-BFE9-00A1FD724B36}.Release|Any CPU.ActiveCfg = Release|Any CPU
		{20F408A8-4A35-486A-BFE9-00A1FD724B36}.Release|Any CPU.Build.0 = Release|Any CPU
		{20F408A8-4A35-486A-BFE9-00A1FD724B36}.Release|Any CPU.Deploy.0 = Release|Any CPU
		{20F408A8-4A35-486A-BFE9-00A1FD724B36}.Release|iPhone.ActiveCfg = Release|Any CPU
		{20F408A8-4A35-486A-BFE9-00A1FD724B36}.Release|iPhone.Build.0 = Release|Any CPU
		{20F408A8-4A35-486A-BFE9-00A1FD724B36}.Release|iPhone.Deploy.0 = Release|Any CPU
		{20F408A8-4A35-486A-BFE9-00A1FD724B36}.Release|iPhoneSimulator.ActiveCfg = Release|Any CPU
		{20F408A8-4A35-486A-BFE9-00A1FD724B36}.Release|iPhoneSimulator.Build.0 = Release|Any CPU
		{20F408A8-4A35-486A-BFE9-00A1FD724B36}.Release|iPhoneSimulator.Deploy.0 = Release|Any CPU
		{90A65CD1-7FB1-4C4F-A1F5-5A870DDB8EEE}.Debug|Any CPU.ActiveCfg = Debug|iPhone
		{90A65CD1-7FB1-4C4F-A1F5-5A870DDB8EEE}.Debug|Any CPU.Build.0 = Debug|iPhone
		{90A65CD1-7FB1-4C4F-A1F5-5A870DDB8EEE}.Debug|Any CPU.Deploy.0 = Debug|iPhone
		{90A65CD1-7FB1-4C4F-A1F5-5A870DDB8EEE}.Debug|iPhone.ActiveCfg = Debug|iPhone
		{90A65CD1-7FB1-4C4F-A1F5-5A870DDB8EEE}.Debug|iPhone.Build.0 = Debug|iPhone
		{90A65CD1-7FB1-4C4F-A1F5-5A870DDB8EEE}.Debug|iPhone.Deploy.0 = Debug|iPhone
		{90A65CD1-7FB1-4C4F-A1F5-5A870DDB8EEE}.Debug|iPhoneSimulator.ActiveCfg = Debug|iPhoneSimulator
		{90A65CD1-7FB1-4C4F-A1F5-5A870DDB8EEE}.Debug|iPhoneSimulator.Build.0 = Debug|iPhoneSimulator
		{90A65CD1-7FB1-4C4F-A1F5-5A870DDB8EEE}.Debug|iPhoneSimulator.Deploy.0 = Debug|iPhoneSimulator
		{90A65CD1-7FB1-4C4F-A1F5-5A870DDB8EEE}.Release|Any CPU.ActiveCfg = Release|iPhoneSimulator
		{90A65CD1-7FB1-4C4F-A1F5-5A870DDB8EEE}.Release|Any CPU.Build.0 = Release|iPhoneSimulator
		{90A65CD1-7FB1-4C4F-A1F5-5A870DDB8EEE}.Release|Any CPU.Deploy.0 = Release|iPhoneSimulator
		{90A65CD1-7FB1-4C4F-A1F5-5A870DDB8EEE}.Release|iPhone.ActiveCfg = Release|iPhone
		{90A65CD1-7FB1-4C4F-A1F5-5A870DDB8EEE}.Release|iPhone.Build.0 = Release|iPhone
		{90A65CD1-7FB1-4C4F-A1F5-5A870DDB8EEE}.Release|iPhone.Deploy.0 = Release|iPhone
		{90A65CD1-7FB1-4C4F-A1F5-5A870DDB8EEE}.Release|iPhoneSimulator.ActiveCfg = Release|iPhoneSimulator
		{90A65CD1-7FB1-4C4F-A1F5-5A870DDB8EEE}.Release|iPhoneSimulator.Build.0 = Release|iPhoneSimulator
		{90A65CD1-7FB1-4C4F-A1F5-5A870DDB8EEE}.Release|iPhoneSimulator.Deploy.0 = Release|iPhoneSimulator
		{D54E14E9-A788-48EB-9756-5FD6132034DB}.Debug|Any CPU.ActiveCfg = Debug|Any CPU
		{D54E14E9-A788-48EB-9756-5FD6132034DB}.Debug|Any CPU.Build.0 = Debug|Any CPU
		{D54E14E9-A788-48EB-9756-5FD6132034DB}.Debug|Any CPU.Deploy.0 = Debug|Any CPU
		{D54E14E9-A788-48EB-9756-5FD6132034DB}.Debug|iPhone.ActiveCfg = Debug|Any CPU
		{D54E14E9-A788-48EB-9756-5FD6132034DB}.Debug|iPhone.Build.0 = Debug|Any CPU
		{D54E14E9-A788-48EB-9756-5FD6132034DB}.Debug|iPhone.Deploy.0 = Debug|Any CPU
		{D54E14E9-A788-48EB-9756-5FD6132034DB}.Debug|iPhoneSimulator.ActiveCfg = Debug|Any CPU
		{D54E14E9-A788-48EB-9756-5FD6132034DB}.Debug|iPhoneSimulator.Build.0 = Debug|Any CPU
		{D54E14E9-A788-48EB-9756-5FD6132034DB}.Debug|iPhoneSimulator.Deploy.0 = Debug|Any CPU
		{D54E14E9-A788-48EB-9756-5FD6132034DB}.Release|Any CPU.ActiveCfg = Release|Any CPU
		{D54E14E9-A788-48EB-9756-5FD6132034DB}.Release|Any CPU.Build.0 = Release|Any CPU
		{D54E14E9-A788-48EB-9756-5FD6132034DB}.Release|Any CPU.Deploy.0 = Release|Any CPU
		{D54E14E9-A788-48EB-9756-5FD6132034DB}.Release|iPhone.ActiveCfg = Release|Any CPU
		{D54E14E9-A788-48EB-9756-5FD6132034DB}.Release|iPhone.Build.0 = Release|Any CPU
		{D54E14E9-A788-48EB-9756-5FD6132034DB}.Release|iPhone.Deploy.0 = Release|Any CPU
		{D54E14E9-A788-48EB-9756-5FD6132034DB}.Release|iPhoneSimulator.ActiveCfg = Release|Any CPU
		{D54E14E9-A788-48EB-9756-5FD6132034DB}.Release|iPhoneSimulator.Build.0 = Release|Any CPU
		{D54E14E9-A788-48EB-9756-5FD6132034DB}.Release|iPhoneSimulator.Deploy.0 = Release|Any CPU
	EndGlobalSection
	GlobalSection(SolutionProperties) = preSolution
		HideSolutionNode = FALSE
	EndGlobalSection
	GlobalSection(ExtensibilityGlobals) = postSolution
		SolutionGuid = {48FAA458-DE1C-426C-9A29-F25A1DE8215F}
	EndGlobalSection
EndGlobal
